
Microsoft Visual Studio Solution File, Format Version 12.00
# Visual Studio 15
VisualStudioVersion = 15.0.27130.2027
MinimumVisualStudioVersion = 10.0.40219.1
Project("{FAE04EC0-301F-11D3-BF4B-00C04F79EFBC}") = "RockPaperScissors", "RockPaperScissors\RockPaperScissors.csproj", "{39D161D6-F6FE-4751-B4AB-B8B5A3646CB2}"
EndProject
Global
	GlobalSection(SolutionConfigurationPlatforms) = preSolution
		Debug|Any CPU = Debug|Any CPU
		Release|Any CPU = Release|Any CPU
	EndGlobalSection
	GlobalSection(ProjectConfigurationPlatforms) = postSolution
		{39D161D6-F6FE-4751-B4AB-B8B5A3646CB2}.Debug|Any CPU.ActiveCfg = Debug|Any CPU
		{39D161D6-F6FE-4751-B4AB-B8B5A3646CB2}.Debug|Any CPU.Build.0 = Debug|Any CPU
		{39D161D6-F6FE-4751-B4AB-B8B5A3646CB2}.Release|Any CPU.ActiveCfg = Release|Any CPU
		{39D161D6-F6FE-4751-B4AB-B8B5A3646CB2}.Release|Any CPU.Build.0 = Release|Any CPU
	EndGlobalSection
	GlobalSection(SolutionProperties) = preSolution
		HideSolutionNode = FALSE
	EndGlobalSection
	GlobalSection(ExtensibilityGlobals) = postSolution
		SolutionGuid = {7C0D0BC6-7F7D-4120-BA78-C0B9CB420D8A}
	EndGlobalSection
EndGlobal
